
Microsoft Visual Studio Solution File, Format Version 12.00
# Visual Studio Version 16
VisualStudioVersion = 16.0.29306.81
MinimumVisualStudioVersion = 10.0.40219.1
Project("{FAE04EC0-301F-11D3-BF4B-00C04F79EFBC}") = "Sample.API", "Library.API\Sample.API.csproj", "{51463310-D9DF-4DC3-9643-70003C239834}"
EndProject
Global
	GlobalSection(SolutionConfigurationPlatforms) = preSolution
		Debug|Any CPU = Debug|Any CPU
		Release|Any CPU = Release|Any CPU
	EndGlobalSection
	GlobalSection(ProjectConfigurationPlatforms) = postSolution
		{51463310-D9DF-4DC3-9643-70003C239834}.Debug|Any CPU.ActiveCfg = Debug|Any CPU
		{51463310-D9DF-4DC3-9643-70003C239834}.Debug|Any CPU.Build.0 = Debug|Any CPU
		{51463310-D9DF-4DC3-9643-70003C239834}.Release|Any CPU.ActiveCfg = Release|Any CPU
		{51463310-D9DF-4DC3-9643-70003C239834}.Release|Any CPU.Build.0 = Release|Any CPU
	EndGlobalSection
	GlobalSection(SolutionProperties) = preSolution
		HideSolutionNode = FALSE
	EndGlobalSection
	GlobalSection(ExtensibilityGlobals) = postSolution
		SolutionGuid = {59E6BA01-35BC-43D4-A3BF-9AC54A430D24}
	EndGlobalSection
EndGlobal
